
Microsoft Visual Studio Solution File, Format Version 12.00
# Visual Studio 2013
VisualStudioVersion = 12.0.31101.0
MinimumVisualStudioVersion = 10.0.40219.1
Project("{FAE04EC0-301F-11D3-BF4B-00C04F79EFBC}") = "SBPriceCheckerOwinAPI", "SBPriceCheckerOwinAPI\SBPriceCheckerOwinAPI.csproj", "{713BB232-391E-4A2B-844F-C0ACE364B4D3}"
EndProject
Project("{FAE04EC0-301F-11D3-BF4B-00C04F79EFBC}") = "SBPriceCheckerCore", "SBPriceCheckerCore\SBPriceCheckerCore.csproj", "{F98D0511-9CEF-4A11-93EB-E01DE46AAF05}"
EndProject
Project("{FAE04EC0-301F-11D3-BF4B-00C04F79EFBC}") = "SpringComp.Owin", "SpringComp.Owin\SpringComp.Owin.csproj", "{A7041BD1-CA1E-43EC-BAFA-3213150C6411}"
EndProject
Project("{FAE04EC0-301F-11D3-BF4B-00C04F79EFBC}") = "SpringComp.Owin.Interop", "SpringComp.Interop\SpringComp.Owin.Interop.csproj", "{D504F207-998E-41FE-B8F3-3EB6EED39DC0}"
EndProject
Project("{2150E333-8FDC-42A3-9474-1A3956D46DE8}") = ".nuget", ".nuget", "{16E0897F-419A-4316-8AE0-9E69C962018B}"
	ProjectSection(SolutionItems) = preProject
		.nuget\NuGet.Config = .nuget\NuGet.Config
		.nuget\NuGet.exe = .nuget\NuGet.exe
		.nuget\NuGet.targets = .nuget\NuGet.targets
	EndProjectSection
EndProject
Project("{2150E333-8FDC-42A3-9474-1A3956D46DE8}") = "Website", "Website", "{9CB626FF-2177-418E-9739-B5F31CFE4CFE}"
	ProjectSection(SolutionItems) = preProject
		Website\apibeer.html = Website\apibeer.html
		Website\index.html = Website\index.html
		Website\index_v2.html = Website\index_v2.html
	EndProjectSection
EndProject
Project("{2150E333-8FDC-42A3-9474-1A3956D46DE8}") = "resources", "resources", "{D43D58BB-C30D-47BA-855B-B85E1B04D85E}"
EndProject
Project("{2150E333-8FDC-42A3-9474-1A3956D46DE8}") = "js", "js", "{9801853F-E53A-4CA5-8521-BCC698D7317A}"
	ProjectSection(SolutionItems) = preProject
		Website\resources\js\interface-2.0.js = Website\resources\js\interface-2.0.js
		Website\resources\js\interface-3.0.js = Website\resources\js\interface-3.0.js
		Website\resources\js\interface.js = Website\resources\js\interface.js
		Website\resources\js\jquery-1.10.2.min.js = Website\resources\js\jquery-1.10.2.min.js
		Website\resources\js\jquery.columns.min.js = Website\resources\js\jquery.columns.min.js
		Website\resources\js\jquery.dataTables.min.js = Website\resources\js\jquery.dataTables.min.js
		Website\resources\js\jquery.tablesorter.min.js = Website\resources\js\jquery.tablesorter.min.js
		Website\resources\js\spin.min.js = Website\resources\js\spin.min.js
	EndProjectSection
EndProject
Project("{2150E333-8FDC-42A3-9474-1A3956D46DE8}") = "css", "css", "{A77C0E60-F742-461F-B130-8CDBBA846B40}"
	ProjectSection(SolutionItems) = preProject
		Website\resources\css\clean.css = Website\resources\css\clean.css
		Website\resources\css\jquery.dataTables.min.css = Website\resources\css\jquery.dataTables.min.css
		Website\resources\css\styles.css = Website\resources\css\styles.css
	EndProjectSection
EndProject
Project("{2150E333-8FDC-42A3-9474-1A3956D46DE8}") = "fonts", "fonts", "{0ABC1686-198D-4BA8-A202-5A34869D8362}"
	ProjectSection(SolutionItems) = preProject
		Website\resources\fonts\sb_pakenham-webfont.eot = Website\resources\fonts\sb_pakenham-webfont.eot
		Website\resources\fonts\sb_pakenham-webfont.svg = Website\resources\fonts\sb_pakenham-webfont.svg
		Website\resources\fonts\sb_pakenham-webfont.ttf = Website\resources\fonts\sb_pakenham-webfont.ttf
		Website\resources\fonts\sb_pakenham-webfont.woff = Website\resources\fonts\sb_pakenham-webfont.woff
	EndProjectSection
EndProject
Project("{2150E333-8FDC-42A3-9474-1A3956D46DE8}") = "images", "images", "{93BD3397-17F4-462B-9DB9-C3E1849F0ED2}"
	ProjectSection(SolutionItems) = preProject
		Website\images\arrow-left.png = Website\images\arrow-left.png
		Website\images\arrow-right.png = Website\images\arrow-right.png
	EndProjectSection
EndProject
Project("{2150E333-8FDC-42A3-9474-1A3956D46DE8}") = "images", "images", "{4DEED642-CDA1-45E6-A4A0-803EB35479C5}"
	ProjectSection(SolutionItems) = preProject
		Website\resources\images\search.png = Website\resources\images\search.png
	EndProjectSection
EndProject
Project("{2150E333-8FDC-42A3-9474-1A3956D46DE8}") = "DataTables", "DataTables", "{D7AB529C-07CF-4EDE-8813-39F79EA11E38}"
	ProjectSection(SolutionItems) = preProject
		Website\resources\DataTables\datatables.css = Website\resources\DataTables\datatables.css
		Website\resources\DataTables\datatables.js = Website\resources\DataTables\datatables.js
		Website\resources\DataTables\datatables.min.css = Website\resources\DataTables\datatables.min.css
		Website\resources\DataTables\datatables.min.js = Website\resources\DataTables\datatables.min.js
	EndProjectSection
EndProject
Project("{2150E333-8FDC-42A3-9474-1A3956D46DE8}") = "Bootstrap-3.3.5", "Bootstrap-3.3.5", "{7B38C6CB-5266-4B7B-ABED-D61BD32887B2}"
EndProject
Project("{2150E333-8FDC-42A3-9474-1A3956D46DE8}") = "DataTables-1.10.9", "DataTables-1.10.9", "{8C882FCC-ED61-4C25-AB68-01B2577B5B25}"
EndProject
Project("{2150E333-8FDC-42A3-9474-1A3956D46DE8}") = "Responsive-1.0.7", "Responsive-1.0.7", "{318635B6-6EC0-4CFD-8655-2E7B2FE3D223}"
EndProject
Project("{2150E333-8FDC-42A3-9474-1A3956D46DE8}") = "js", "js", "{6373332C-7DCB-44A6-A3F9-B02DE0144637}"
	ProjectSection(SolutionItems) = preProject
		Website\resources\DataTables\Responsive-1.0.7\js\dataTables.responsive.js = Website\resources\DataTables\Responsive-1.0.7\js\dataTables.responsive.js
		Website\resources\DataTables\Responsive-1.0.7\js\dataTables.responsive.min.js = Website\resources\DataTables\Responsive-1.0.7\js\dataTables.responsive.min.js
	EndProjectSection
EndProject
Project("{2150E333-8FDC-42A3-9474-1A3956D46DE8}") = "css", "css", "{C2F454F6-83D3-497A-A9B1-E11155357B97}"
	ProjectSection(SolutionItems) = preProject
		Website\resources\DataTables\Responsive-1.0.7\css\responsive.bootstrap.css = Website\resources\DataTables\Responsive-1.0.7\css\responsive.bootstrap.css
		Website\resources\DataTables\Responsive-1.0.7\css\responsive.bootstrap.min.css = Website\resources\DataTables\Responsive-1.0.7\css\responsive.bootstrap.min.css
		Website\resources\DataTables\Responsive-1.0.7\css\responsive.dataTables.css = Website\resources\DataTables\Responsive-1.0.7\css\responsive.dataTables.css
		Website\resources\DataTables\Responsive-1.0.7\css\responsive.dataTables.min.css = Website\resources\DataTables\Responsive-1.0.7\css\responsive.dataTables.min.css
		Website\resources\DataTables\Responsive-1.0.7\css\responsive.foundation.css = Website\resources\DataTables\Responsive-1.0.7\css\responsive.foundation.css
		Website\resources\DataTables\Responsive-1.0.7\css\responsive.foundation.min.css = Website\resources\DataTables\Responsive-1.0.7\css\responsive.foundation.min.css
		Website\resources\DataTables\Responsive-1.0.7\css\responsive.jqueryui.css = Website\resources\DataTables\Responsive-1.0.7\css\responsive.jqueryui.css
		Website\resources\DataTables\Responsive-1.0.7\css\responsive.jqueryui.min.css = Website\resources\DataTables\Responsive-1.0.7\css\responsive.jqueryui.min.css
	EndProjectSection
EndProject
Project("{2150E333-8FDC-42A3-9474-1A3956D46DE8}") = "js", "js", "{1E44B87D-8088-4876-A1A5-177764BD9B7C}"
	ProjectSection(SolutionItems) = preProject
		Website\resources\DataTables\DataTables-1.10.9\js\dataTables.bootstrap.js = Website\resources\DataTables\DataTables-1.10.9\js\dataTables.bootstrap.js
		Website\resources\DataTables\DataTables-1.10.9\js\dataTables.bootstrap.min.js = Website\resources\DataTables\DataTables-1.10.9\js\dataTables.bootstrap.min.js
		Website\resources\DataTables\DataTables-1.10.9\js\dataTables.foundation.js = Website\resources\DataTables\DataTables-1.10.9\js\dataTables.foundation.js
		Website\resources\DataTables\DataTables-1.10.9\js\dataTables.foundation.min.js = Website\resources\DataTables\DataTables-1.10.9\js\dataTables.foundation.min.js
		Website\resources\DataTables\DataTables-1.10.9\js\dataTables.jqueryui.js = Website\resources\DataTables\DataTables-1.10.9\js\dataTables.jqueryui.js
		Website\resources\DataTables\DataTables-1.10.9\js\dataTables.jqueryui.min.js = Website\resources\DataTables\DataTables-1.10.9\js\dataTables.jqueryui.min.js
		Website\resources\DataTables\DataTables-1.10.9\js\jquery.dataTables.js = Website\resources\DataTables\DataTables-1.10.9\js\jquery.dataTables.js
		Website\resources\DataTables\DataTables-1.10.9\js\jquery.dataTables.min.js = Website\resources\DataTables\DataTables-1.10.9\js\jquery.dataTables.min.js
	EndProjectSection
EndProject
Project("{2150E333-8FDC-42A3-9474-1A3956D46DE8}") = "css", "css", "{A6D16C53-8E60-466D-923B-97072E976CE8}"
	ProjectSection(SolutionItems) = preProject
		Website\resources\DataTables\DataTables-1.10.9\css\dataTables.bootstrap.css = Website\resources\DataTables\DataTables-1.10.9\css\dataTables.bootstrap.css
		Website\resources\DataTables\DataTables-1.10.9\css\dataTables.bootstrap.min.css = Website\resources\DataTables\DataTables-1.10.9\css\dataTables.bootstrap.min.css
		Website\resources\DataTables\DataTables-1.10.9\css\dataTables.foundation.css = Website\resources\DataTables\DataTables-1.10.9\css\dataTables.foundation.css
		Website\resources\DataTables\DataTables-1.10.9\css\dataTables.foundation.min.css = Website\resources\DataTables\DataTables-1.10.9\css\dataTables.foundation.min.css
		Website\resources\DataTables\DataTables-1.10.9\css\dataTables.jqueryui.css = Website\resources\DataTables\DataTables-1.10.9\css\dataTables.jqueryui.css
		Website\resources\DataTables\DataTables-1.10.9\css\dataTables.jqueryui.min.css = Website\resources\DataTables\DataTables-1.10.9\css\dataTables.jqueryui.min.css
		Website\resources\DataTables\DataTables-1.10.9\css\jquery.dataTables.css = Website\resources\DataTables\DataTables-1.10.9\css\jquery.dataTables.css
		Website\resources\DataTables\DataTables-1.10.9\css\jquery.dataTables.min.css = Website\resources\DataTables\DataTables-1.10.9\css\jquery.dataTables.min.css
		Website\resources\DataTables\DataTables-1.10.9\css\jquery.dataTables_themeroller.css = Website\resources\DataTables\DataTables-1.10.9\css\jquery.dataTables_themeroller.css
	EndProjectSection
EndProject
Project("{2150E333-8FDC-42A3-9474-1A3956D46DE8}") = "images", "images", "{EC87D839-32C0-4244-BD4D-36640447BC07}"
	ProjectSection(SolutionItems) = preProject
		Website\resources\DataTables\DataTables-1.10.9\images\sort_asc.png = Website\resources\DataTables\DataTables-1.10.9\images\sort_asc.png
		Website\resources\DataTables\DataTables-1.10.9\images\sort_asc_disabled.png = Website\resources\DataTables\DataTables-1.10.9\images\sort_asc_disabled.png
		Website\resources\DataTables\DataTables-1.10.9\images\sort_both.png = Website\resources\DataTables\DataTables-1.10.9\images\sort_both.png
		Website\resources\DataTables\DataTables-1.10.9\images\sort_desc.png = Website\resources\DataTables\DataTables-1.10.9\images\sort_desc.png
		Website\resources\DataTables\DataTables-1.10.9\images\sort_desc_disabled.png = Website\resources\DataTables\DataTables-1.10.9\images\sort_desc_disabled.png
	EndProjectSection
EndProject
Project("{2150E333-8FDC-42A3-9474-1A3956D46DE8}") = "css", "css", "{369DC500-BD0F-49BC-949C-9B0E567DEAA0}"
	ProjectSection(SolutionItems) = preProject
		Website\resources\DataTables\Responsive-1.0.7\css\responsive.bootstrap.css = Website\resources\DataTables\Responsive-1.0.7\css\responsive.bootstrap.css
		Website\resources\DataTables\Responsive-1.0.7\css\responsive.bootstrap.min.css = Website\resources\DataTables\Responsive-1.0.7\css\responsive.bootstrap.min.css
		Website\resources\DataTables\Responsive-1.0.7\css\responsive.dataTables.css = Website\resources\DataTables\Responsive-1.0.7\css\responsive.dataTables.css
		Website\resources\DataTables\Responsive-1.0.7\css\responsive.dataTables.min.css = Website\resources\DataTables\Responsive-1.0.7\css\responsive.dataTables.min.css
		Website\resources\DataTables\Responsive-1.0.7\css\responsive.foundation.css = Website\resources\DataTables\Responsive-1.0.7\css\responsive.foundation.css
		Website\resources\DataTables\Responsive-1.0.7\css\responsive.foundation.min.css = Website\resources\DataTables\Responsive-1.0.7\css\responsive.foundation.min.css
		Website\resources\DataTables\Responsive-1.0.7\css\responsive.jqueryui.css = Website\resources\DataTables\Responsive-1.0.7\css\responsive.jqueryui.css
		Website\resources\DataTables\Responsive-1.0.7\css\responsive.jqueryui.min.css = Website\resources\DataTables\Responsive-1.0.7\css\responsive.jqueryui.min.css
	EndProjectSection
EndProject
Project("{2150E333-8FDC-42A3-9474-1A3956D46DE8}") = "js", "js", "{2D773276-03CF-42BC-A396-C4866268EE19}"
	ProjectSection(SolutionItems) = preProject
		Website\resources\DataTables\Responsive-1.0.7\js\dataTables.responsive.js = Website\resources\DataTables\Responsive-1.0.7\js\dataTables.responsive.js
		Website\resources\DataTables\Responsive-1.0.7\js\dataTables.responsive.min.js = Website\resources\DataTables\Responsive-1.0.7\js\dataTables.responsive.min.js
	EndProjectSection
EndProject
Global
	GlobalSection(SolutionConfigurationPlatforms) = preSolution
		Debug|Any CPU = Debug|Any CPU
		Release|Any CPU = Release|Any CPU
	EndGlobalSection
	GlobalSection(ProjectConfigurationPlatforms) = postSolution
		{713BB232-391E-4A2B-844F-C0ACE364B4D3}.Debug|Any CPU.ActiveCfg = Debug|Any CPU
		{713BB232-391E-4A2B-844F-C0ACE364B4D3}.Debug|Any CPU.Build.0 = Debug|Any CPU
		{713BB232-391E-4A2B-844F-C0ACE364B4D3}.Release|Any CPU.ActiveCfg = Release|Any CPU
		{713BB232-391E-4A2B-844F-C0ACE364B4D3}.Release|Any CPU.Build.0 = Release|Any CPU
		{F98D0511-9CEF-4A11-93EB-E01DE46AAF05}.Debug|Any CPU.ActiveCfg = Debug|Any CPU
		{F98D0511-9CEF-4A11-93EB-E01DE46AAF05}.Debug|Any CPU.Build.0 = Debug|Any CPU
		{F98D0511-9CEF-4A11-93EB-E01DE46AAF05}.Release|Any CPU.ActiveCfg = Release|Any CPU
		{F98D0511-9CEF-4A11-93EB-E01DE46AAF05}.Release|Any CPU.Build.0 = Release|Any CPU
		{A7041BD1-CA1E-43EC-BAFA-3213150C6411}.Debug|Any CPU.ActiveCfg = Debug|Any CPU
		{A7041BD1-CA1E-43EC-BAFA-3213150C6411}.Debug|Any CPU.Build.0 = Debug|Any CPU
		{A7041BD1-CA1E-43EC-BAFA-3213150C6411}.Release|Any CPU.ActiveCfg = Release|Any CPU
		{A7041BD1-CA1E-43EC-BAFA-3213150C6411}.Release|Any CPU.Build.0 = Release|Any CPU
		{D504F207-998E-41FE-B8F3-3EB6EED39DC0}.Debug|Any CPU.ActiveCfg = Debug|Any CPU
		{D504F207-998E-41FE-B8F3-3EB6EED39DC0}.Debug|Any CPU.Build.0 = Debug|Any CPU
		{D504F207-998E-41FE-B8F3-3EB6EED39DC0}.Release|Any CPU.ActiveCfg = Release|Any CPU
		{D504F207-998E-41FE-B8F3-3EB6EED39DC0}.Release|Any CPU.Build.0 = Release|Any CPU
	EndGlobalSection
	GlobalSection(SolutionProperties) = preSolution
		HideSolutionNode = FALSE
	EndGlobalSection
	GlobalSection(NestedProjects) = preSolution
		{D43D58BB-C30D-47BA-855B-B85E1B04D85E} = {9CB626FF-2177-418E-9739-B5F31CFE4CFE}
		{9801853F-E53A-4CA5-8521-BCC698D7317A} = {D43D58BB-C30D-47BA-855B-B85E1B04D85E}
		{A77C0E60-F742-461F-B130-8CDBBA846B40} = {D43D58BB-C30D-47BA-855B-B85E1B04D85E}
		{0ABC1686-198D-4BA8-A202-5A34869D8362} = {D43D58BB-C30D-47BA-855B-B85E1B04D85E}
		{93BD3397-17F4-462B-9DB9-C3E1849F0ED2} = {9CB626FF-2177-418E-9739-B5F31CFE4CFE}
		{4DEED642-CDA1-45E6-A4A0-803EB35479C5} = {D43D58BB-C30D-47BA-855B-B85E1B04D85E}
		{D7AB529C-07CF-4EDE-8813-39F79EA11E38} = {D43D58BB-C30D-47BA-855B-B85E1B04D85E}
		{7B38C6CB-5266-4B7B-ABED-D61BD32887B2} = {D7AB529C-07CF-4EDE-8813-39F79EA11E38}
		{8C882FCC-ED61-4C25-AB68-01B2577B5B25} = {D7AB529C-07CF-4EDE-8813-39F79EA11E38}
		{318635B6-6EC0-4CFD-8655-2E7B2FE3D223} = {D7AB529C-07CF-4EDE-8813-39F79EA11E38}
		{6373332C-7DCB-44A6-A3F9-B02DE0144637} = {318635B6-6EC0-4CFD-8655-2E7B2FE3D223}
		{C2F454F6-83D3-497A-A9B1-E11155357B97} = {318635B6-6EC0-4CFD-8655-2E7B2FE3D223}
		{1E44B87D-8088-4876-A1A5-177764BD9B7C} = {8C882FCC-ED61-4C25-AB68-01B2577B5B25}
		{A6D16C53-8E60-466D-923B-97072E976CE8} = {8C882FCC-ED61-4C25-AB68-01B2577B5B25}
		{EC87D839-32C0-4244-BD4D-36640447BC07} = {8C882FCC-ED61-4C25-AB68-01B2577B5B25}
		{369DC500-BD0F-49BC-949C-9B0E567DEAA0} = {7B38C6CB-5266-4B7B-ABED-D61BD32887B2}
		{2D773276-03CF-42BC-A396-C4866268EE19} = {7B38C6CB-5266-4B7B-ABED-D61BD32887B2}
	EndGlobalSection
EndGlobal
